<?xml version="1.0" encoding="utf-8"?>
<Project ToolsVersion="4.0" xmlns="http://schemas.microsoft.com/developer/msbuild/2003">
  <ItemGroup>
    <Filter Include="src">
      <UniqueIdentifier>{2DAB880B-99B4-887C-2230-9F7C8E38947C}</UniqueIdentifier>
    </Filter>
    <Filter Include="src\chunky">
      <UniqueIdentifier>{2E93C853-1A4B-0AA1-8352-E3FC6F29A591}</UniqueIdentifier>
    </Filter>
    <Filter Include="src\chunky\core">
      <UniqueIdentifier>{6670F445-D2FB-610A-DB0C-E5FE4717BE0A}</UniqueIdentifier>
    </Filter>
    <Filter Include="src\chunky\events">
      <UniqueIdentifier>{7233F499-DE49-F22F-27C1-7D519316C3B7}</UniqueIdentifier>
    </Filter>
    <Filter Include="thirdparty">
      <UniqueIdentifier>{50A5DA7C-3C5D-1CCA-A564-F525913BB7BA}</UniqueIdentifier>
    </Filter>
    <Filter Include="thirdparty\glad">
      <UniqueIdentifier>{574A7336-C3D5-E0FA-CCE6-63EF38F13CFB}</UniqueIdentifier>
    </Filter>
    <Filter Include="thirdparty\glad\src">
      <UniqueIdentifier>{EE5B4A79-5ABD-2787-E32A-6E394F8B5E46}</UniqueIdentifier>
    </Filter>
  </ItemGroup>
  <ItemGroup>
    <ClInclude Include="src\chunky\core\Application.h">
      <Filter>src\chunky\core</Filter>
    </ClInclude>
    <ClInclude Include="src\chunky\core\Defines.h">
      <Filter>src\chunky\core</Filter>
    </ClInclude>
    <ClInclude Include="src\chunky\core\Logger.h">
      <Filter>src\chunky\core</Filter>
    </ClInclude>
    <ClInclude Include="src\chunky\core\Window.h">
      <Filter>src\chunky\core</Filter>
    </ClInclude>
    <ClInclude Include="src\chunky\events\Event.h">
      <Filter>src\chunky\events</Filter>
    </ClInclude>
    <ClInclude Include="src\chunky\events\KeyboardEvent.h">
      <Filter>src\chunky\events</Filter>
    </ClInclude>
    <ClInclude Include="src\chunky\events\MouseEvent.h">
      <Filter>src\chunky\events</Filter>
    </ClInclude>
    <ClInclude Include="src\chunky\events\WindowEvent.h">
      <Filter>src\chunky\events</Filter>
    </ClInclude>
    <ClInclude Include="src\chunky\renderer\gl\GLStateManager.h" />
    <ClInclude Include="src\chunky\renderer\gl\GLState.h" />
    <ClInclude Include="src\chunky\renderer\Renderer.h" />
    <ClInclude Include="src\chunky\renderer\Quad.h" />
    <ClInclude Include="src\chunky\renderer\Vertex.h" />
    <ClInclude Include="src\math\vector\Vector3.h" />
    <ClInclude Include="src\math\vector\Vector3i.h" />
    <ClInclude Include="src\math\Math.h" />
    <ClInclude Include="src\chunky\renderer\Batch.h" />
    <ClInclude Include="src\math\vector\Vector2.h" />
    <ClInclude Include="src\chunky\renderer\buffer\VertexBuffer.h" />
    <ClInclude Include="src\chunky\renderer\buffer\VertexBufferLayout.h" />
    <ClInclude Include="src\chunky\renderer\buffer\IndexBuffer.h" />
    <ClInclude Include="src\chunky\renderer\VertexArray.h" />
    <ClInclude Include="src\chunky\renderer\Shader.h" />
    <ClInclude Include="src\math\vector\Vector4.h" />
    <ClInclude Include="src\math\matrix\Matrix4.h" />
    <ClInclude Include="src\math\matrix\Matrix3.h" />
    <ClInclude Include="src\math\vector\Vector3f.h" />
    <ClInclude Include="src\math\vector\Vector4f.h" />
    <ClInclude Include="src\math\vector\Vector2f.h" />
    <ClInclude Include="src\math\matrix\Matrix3f.h" />
    <ClInclude Include="src\math\matrix\Matrix4f.h" />
    <ClInclude Include="src\chunky\renderer\Camera.h" />
  </ItemGroup>
  <ItemGroup>
    <ClCompile Include="src\chunky\core\Logger.cpp">
      <Filter>src\chunky\core</Filter>
    </ClCompile>
    <ClCompile Include="src\chunky\core\Window.cpp">
      <Filter>src\chunky\core</Filter>
    </ClCompile>
    <ClCompile Include="thirdparty\glad\src\gl.c">
      <Filter>thirdparty\glad\src</Filter>
    </ClCompile>
    <ClCompile Include="thirdparty\glad\src\vulkan.c">
      <Filter>thirdparty\glad\src</Filter>
    </ClCompile>
    <ClCompile Include="src\chunky\renderer\gl\GLState.cpp" />
    <ClCompile Include="src\chunky\renderer\gl\GLStateManager.cpp" />
    <ClCompile Include="src\chunky\renderer\Renderer.cpp" />
    <ClCompile Include="src\math\Math.cpp" />
    <ClCompile Include="src\chunky\renderer\Batch.cpp" />
    <ClCompile Include="src\chunky\renderer\buffer\VertexBuffer.cpp" />
    <ClCompile Include="src\chunky\renderer\buffer\IndexBUffer.cpp" />
    <ClCompile Include="src\chunky\renderer\VertexArray.cpp" />
    <ClCompile Include="src\chunky\renderer\Shader.cpp" />
    <ClCompile Include="src\math\vector\Vector4.cpp" />
    <ClCompile Include="src\math\vector\Vector2.cpp" />
    <ClCompile Include="src\math\vector\Vector2f.cpp" />
    <ClCompile Include="src\math\vector\Vector3.cpp" />
    <ClCompile Include="src\math\vector\Vector3i.cpp" />
    <ClCompile Include="src\math\vector\Vector3f.cpp" />
    <ClCompile Include="src\math\vector\Vector4f.cpp" />
    <ClCompile Include="src\math\matrix\Matrix3.cpp" />
    <ClCompile Include="src\math\matrix\Matrix4.cpp" />
    <ClCompile Include="src\math\matrix\Matrix3f.cpp" />
    <ClCompile Include="src\math\matrix\Matrix4f.cpp" />
    <ClCompile Include="src\chunky\renderer\Camera.cpp" />
    <ClCompile Include="src\chunky\renderer\Quad.cpp" />
  </ItemGroup>
</Project>